
Microsoft Visual Studio Solution File, Format Version 12.00
# Visual Studio Version 16
VisualStudioVersion = 16.0.30523.141
MinimumVisualStudioVersion = 10.0.40219.1
Project("{00D1A9C2-B5F0-4AF3-8072-F6C62B433612}") = "dwhRtc", "dwhRtc\dwhRtc.sqlproj", "{67FD05AB-3E07-42E1-9137-C6A22B5CD053}"
EndProject
Global
	GlobalSection(SolutionConfigurationPlatforms) = preSolution
		Debug|Any CPU = Debug|Any CPU
		Release|Any CPU = Release|Any CPU
	EndGlobalSection
	GlobalSection(ProjectConfigurationPlatforms) = postSolution
		{67FD05AB-3E07-42E1-9137-C6A22B5CD053}.Debug|Any CPU.ActiveCfg = Debug|Any CPU
		{67FD05AB-3E07-42E1-9137-C6A22B5CD053}.Debug|Any CPU.Build.0 = Debug|Any CPU
		{67FD05AB-3E07-42E1-9137-C6A22B5CD053}.Debug|Any CPU.Deploy.0 = Debug|Any CPU
		{67FD05AB-3E07-42E1-9137-C6A22B5CD053}.Release|Any CPU.ActiveCfg = Release|Any CPU
		{67FD05AB-3E07-42E1-9137-C6A22B5CD053}.Release|Any CPU.Build.0 = Release|Any CPU
		{67FD05AB-3E07-42E1-9137-C6A22B5CD053}.Release|Any CPU.Deploy.0 = Release|Any CPU
	EndGlobalSection
	GlobalSection(SolutionProperties) = preSolution
		HideSolutionNode = FALSE
	EndGlobalSection
	GlobalSection(ExtensibilityGlobals) = postSolution
		SolutionGuid = {39117662-5CD5-4210-B297-FDACA5558A85}
	EndGlobalSection
EndGlobal
